
Microsoft Visual Studio Solution File, Format Version 12.00
# Visual Studio Version 17
VisualStudioVersion = 17.1.32414.318
MinimumVisualStudioVersion = 10.0.40219.1
Project("{FAE04EC0-301F-11D3-BF4B-00C04F79EFBC}") = "FivePD C SWAT Callouts", "FivePD C SWAT Callouts\FivePD C SWAT Callouts.csproj", "{01D29F43-7144-4A5A-8F13-7AE3C619AC1F}"
EndProject
Global
	GlobalSection(SolutionConfigurationPlatforms) = preSolution
		Debug|Any CPU = Debug|Any CPU
		Release|Any CPU = Release|Any CPU
	EndGlobalSection
	GlobalSection(ProjectConfigurationPlatforms) = postSolution
		{01D29F43-7144-4A5A-8F13-7AE3C619AC1F}.Debug|Any CPU.ActiveCfg = Debug|Any CPU
		{01D29F43-7144-4A5A-8F13-7AE3C619AC1F}.Debug|Any CPU.Build.0 = Debug|Any CPU
		{01D29F43-7144-4A5A-8F13-7AE3C619AC1F}.Release|Any CPU.ActiveCfg = Release|Any CPU
		{01D29F43-7144-4A5A-8F13-7AE3C619AC1F}.Release|Any CPU.Build.0 = Release|Any CPU
	EndGlobalSection
	GlobalSection(SolutionProperties) = preSolution
		HideSolutionNode = FALSE
	EndGlobalSection
	GlobalSection(ExtensibilityGlobals) = postSolution
		SolutionGuid = {47E74743-7F6F-4D7E-9B37-F5C6E55F1DCE}
	EndGlobalSection
EndGlobal
